// !$*UTF8*$!
{
	archiveVersion = 1;
	classes = {
	};
	objectVersion = 46;
	objects = {

/* Begin PBXBuildFile section */
		377460C11DA0AB2F009B0195 /* AppDelegate.swift in Sources */ = {isa = PBXBuildFile; fileRef = 377460C01DA0AB2F009B0195 /* AppDelegate.swift */; };
		377460C31DA0AB2F009B0195 /* ViewController.swift in Sources */ = {isa = PBXBuildFile; fileRef = 377460C21DA0AB2F009B0195 /* ViewController.swift */; };
		377460C61DA0AB2F009B0195 /* Main.storyboard in Resources */ = {isa = PBXBuildFile; fileRef = 377460C41DA0AB2F009B0195 /* Main.storyboard */; };
		377460C81DA0AB2F009B0195 /* Assets.xcassets in Resources */ = {isa = PBXBuildFile; fileRef = 377460C71DA0AB2F009B0195 /* Assets.xcassets */; };
		377460CB1DA0AB2F009B0195 /* LaunchScreen.storyboard in Resources */ = {isa = PBXBuildFile; fileRef = 377460C91DA0AB2F009B0195 /* LaunchScreen.storyboard */; };
		77D4BEF95E3C64A4522A731E /* Pods_MQTTchat.framework in Frameworks */ = {isa = PBXBuildFile; fileRef = EA203C3C460BFD54A60A025C /* Pods_MQTTchat.framework */; };
/* End PBXBuildFile section */

/* Begin PBXFileReference section */
		14BC7FA6E8D82238849DED82 /* Pods-MQTTchat.release.xcconfig */ = {isa = PBXFileReference; includeInIndex = 1; lastKnownFileType = text.xcconfig; name = "Pods-MQTTchat.release.xcconfig"; path = "Pods/Target Support Files/Pods-MQTTchat/Pods-MQTTchat.release.xcconfig"; sourceTree = "<group>"; };
		377460BD1DA0AB2F009B0195 /* MQTTchat.app */ = {isa = PBXFileReference; explicitFileType = wrapper.application; includeInIndex = 0; path = MQTTchat.app; sourceTree = BUILT_PRODUCTS_DIR; };
		377460C01DA0AB2F009B0195 /* AppDelegate.swift */ = {isa = PBXFileReference; lastKnownFileType = sourcecode.swift; path = AppDelegate.swift; sourceTree = "<group>"; };
		377460C21DA0AB2F009B0195 /* ViewController.swift */ = {isa = PBXFileReference; lastKnownFileType = sourcecode.swift; path = ViewController.swift; sourceTree = "<group>"; };
		377460C51DA0AB2F009B0195 /* Base */ = {isa = PBXFileReference; lastKnownFileType = file.storyboard; name = Base; path = Base.lproj/Main.storyboard; sourceTree = "<group>"; };
		377460C71DA0AB2F009B0195 /* Assets.xcassets */ = {isa = PBXFileReference; lastKnownFileType = folder.assetcatalog; path = Assets.xcassets; sourceTree = "<group>"; };
		377460CA1DA0AB2F009B0195 /* Base */ = {isa = PBXFileReference; lastKnownFileType = file.storyboard; name = Base; path = Base.lproj/LaunchScreen.storyboard; sourceTree = "<group>"; };
		377460CC1DA0AB2F009B0195 /* Info.plist */ = {isa = PBXFileReference; lastKnownFileType = text.plist.xml; path = Info.plist; sourceTree = "<group>"; };
		A368DF6EFB40BFAA2A27089A /* Pods-MQTTchat.debug.xcconfig */ = {isa = PBXFileReference; includeInIndex = 1; lastKnownFileType = text.xcconfig; name = "Pods-MQTTchat.debug.xcconfig"; path = "Pods/Target Support Files/Pods-MQTTchat/Pods-MQTTchat.debug.xcconfig"; sourceTree = "<group>"; };
		EA203C3C460BFD54A60A025C /* Pods_MQTTchat.framework */ = {isa = PBXFileReference; explicitFileType = wrapper.framework; includeInIndex = 0; path = Pods_MQTTchat.framework; sourceTree = BUILT_PRODUCTS_DIR; };
/* End PBXFileReference section */

/* Begin PBXFrameworksBuildPhase section */
		377460BA1DA0AB2F009B0195 /* Frameworks */ = {
			isa = PBXFrameworksBuildPhase;
			buildActionMask = 2147483647;
			files = (
				77D4BEF95E3C64A4522A731E /* Pods_MQTTchat.framework in Frameworks */,
			);
			runOnlyForDeploymentPostprocessing = 0;
		};
/* End PBXFrameworksBuildPhase section */

/* Begin PBXGroup section */
		2ACAAAA358D2209D855F4A6D /* Frameworks */ = {
			isa = PBXGroup;
			children = (
				EA203C3C460BFD54A60A025C /* Pods_MQTTchat.framework */,
			);
			name = Frameworks;
			sourceTree = "<group>";
		};
		377460B41DA0AB2F009B0195 = {
			isa = PBXGroup;
			children = (
				377460BF1DA0AB2F009B0195 /* MQTTchat */,
				377460BE1DA0AB2F009B0195 /* Products */,
				D4AAFE908AD6BFB7456A9A48 /* Pods */,
				2ACAAAA358D2209D855F4A6D /* Frameworks */,
			);
			sourceTree = "<group>";
		};
		377460BE1DA0AB2F009B0195 /* Products */ = {
			isa = PBXGroup;
			children = (
				377460BD1DA0AB2F009B0195 /* MQTTchat.app */,
			);
			name = Products;
			sourceTree = "<group>";
		};
		377460BF1DA0AB2F009B0195 /* MQTTchat */ = {
			isa = PBXGroup;
			children = (
				377460C01DA0AB2F009B0195 /* AppDelegate.swift */,
				377460C21DA0AB2F009B0195 /* ViewController.swift */,
				377460C41DA0AB2F009B0195 /* Main.storyboard */,
				377460C71DA0AB2F009B0195 /* Assets.xcassets */,
				377460C91DA0AB2F009B0195 /* LaunchScreen.storyboard */,
				377460CC1DA0AB2F009B0195 /* Info.plist */,
			);
			path = MQTTchat;
			sourceTree = "<group>";
		};
		D4AAFE908AD6BFB7456A9A48 /* Pods */ = {
			isa = PBXGroup;
			children = (
				A368DF6EFB40BFAA2A27089A /* Pods-MQTTchat.debug.xcconfig */,
				14BC7FA6E8D82238849DED82 /* Pods-MQTTchat.release.xcconfig */,
			);
			name = Pods;
			sourceTree = "<group>";
		};
/* End PBXGroup section */

/* Begin PBXNativeTarget section */
		377460BC1DA0AB2F009B0195 /* MQTTchat */ = {
			isa = PBXNativeTarget;
			buildConfigurationList = 377460CF1DA0AB2F009B0195 /* Build configuration list for PBXNativeTarget "MQTTchat" */;
			buildPhases = (
				082665A5421A989272BACD15 /* [CP] Check Pods Manifest.lock */,
				377460B91DA0AB2F009B0195 /* Sources */,
				377460BA1DA0AB2F009B0195 /* Frameworks */,
				377460BB1DA0AB2F009B0195 /* Resources */,
				23852F8DF8D852DA850D5145 /* [CP] Embed Pods Frameworks */,
				231B4704CE973B6E18E37C09 /* [CP] Copy Pods Resources */,
			);
			buildRules = (
			);
			dependencies = (
			);
			name = MQTTchat;
			productName = MQTTchat;
			productReference = 377460BD1DA0AB2F009B0195 /* MQTTchat.app */;
			productType = "com.apple.product-type.application";
		};
/* End PBXNativeTarget section */

/* Begin PBXProject section */
		377460B51DA0AB2F009B0195 /* Project object */ = {
			isa = PBXProject;
			attributes = {
				LastSwiftUpdateCheck = 0800;
				LastUpgradeCheck = 0800;
				ORGANIZATIONNAME = sidepelican;
				TargetAttributes = {
					377460BC1DA0AB2F009B0195 = {
						CreatedOnToolsVersion = 8.0;
						ProvisioningStyle = Automatic;
					};
				};
			};
			buildConfigurationList = 377460B81DA0AB2F009B0195 /* Build configuration list for PBXProject "MQTTchat" */;
			compatibilityVersion = "Xcode 3.2";
			developmentRegion = English;
			hasScannedForEncodings = 0;
			knownRegions = (
				en,
				Base,
			);
			mainGroup = 377460B41DA0AB2F009B0195;
			productRefGroup = 377460BE1DA0AB2F009B0195 /* Products */;
			projectDirPath = "";
			projectRoot = "";
			targets = (
				377460BC1DA0AB2F009B0195 /* MQTTchat */,
			);
		};
/* End PBXProject section */

/* Begin PBXResourcesBuildPhase section */
		377460BB1DA0AB2F009B0195 /* Resources */ = {
			isa = PBXResourcesBuildPhase;
			buildActionMask = 2147483647;
			files = (
				377460CB1DA0AB2F009B0195 /* LaunchScreen.storyboard in Resources */,
				377460C81DA0AB2F009B0195 /* Assets.xcassets in Resources */,
				377460C61DA0AB2F009B0195 /* Main.storyboard in Resources */,
			);
			runOnlyForDeploymentPostprocessing = 0;
		};
/* End PBXResourcesBuildPhase section */

/* Begin PBXShellScriptBuildPhase section */
		082665A5421A989272BACD15 /* [CP] Check Pods Manifest.lock */ = {
			isa = PBXShellScriptBuildPhase;
			buildActionMask = 2147483647;
			files = (
			);
			inputPaths = (
			);
			name = "[CP] Check Pods Manifest.lock";
			outputPaths = (
			);
			runOnlyForDeploymentPostprocessing = 0;
			shellPath = /bin/sh;
			shellScript = "diff \"${PODS_ROOT}/../Podfile.lock\" \"${PODS_ROOT}/Manifest.lock\" > /dev/null\nif [[ $? != 0 ]] ; then\n    cat << EOM\nerror: The sandbox is not in sync with the Podfile.lock. Run 'pod install' or update your CocoaPods installation.\nEOM\n    exit 1\nfi\n";
			showEnvVarsInLog = 0;
		};
		231B4704CE973B6E18E37C09 /* [CP] Copy Pods Resources */ = {
			isa = PBXShellScriptBuildPhase;
			buildActionMask = 2147483647;
			files = (
			);
			inputPaths = (
			);
			name = "[CP] Copy Pods Resources";
			outputPaths = (
			);
			runOnlyForDeploymentPostprocessing = 0;
			shellPath = /bin/sh;
			shellScript = "\"${SRCROOT}/Pods/Target Support Files/Pods-MQTTchat/Pods-MQTTchat-resources.sh\"\n";
			showEnvVarsInLog = 0;
		};
		23852F8DF8D852DA850D5145 /* [CP] Embed Pods Frameworks */ = {
			isa = PBXShellScriptBuildPhase;
			buildActionMask = 2147483647;
			files = (
			);
			inputPaths = (
			);
			name = "[CP] Embed Pods Frameworks";
			outputPaths = (
			);
			runOnlyForDeploymentPostprocessing = 0;
			shellPath = /bin/sh;
			shellScript = "\"${SRCROOT}/Pods/Target Support Files/Pods-MQTTchat/Pods-MQTTchat-frameworks.sh\"\n";
			showEnvVarsInLog = 0;
		};
/* End PBXShellScriptBuildPhase section */

/* Begin PBXSourcesBuildPhase section */
		377460B91DA0AB2F009B0195 /* Sources */ = {
			isa = PBXSourcesBuildPhase;
			buildActionMask = 2147483647;
			files = (
				377460C31DA0AB2F009B0195 /* ViewController.swift in Sources */,
				377460C11DA0AB2F009B0195 /* AppDelegate.swift in Sources */,
			);
			runOnlyForDeploymentPostprocessing = 0;
		};
/* End PBXSourcesBuildPhase section */

/* Begin PBXVariantGroup section */
		377460C41DA0AB2F009B0195 /* Main.storyboard */ = {
			isa = PBXVariantGroup;
			children = (
				377460C51DA0AB2F009B0195 /* Base */,
			);
			name = Main.storyboard;
			sourceTree = "<group>";
		};
		377460C91DA0AB2F009B0195 /* LaunchScreen.storyboard */ = {
			isa = PBXVariantGroup;
			children = (
				377460CA1DA0AB2F009B0195 /* Base */,
			);
			name = LaunchScreen.storyboard;
			sourceTree = "<group>";
		};
/* End PBXVariantGroup section */

/* Begin XCBuildConfiguration section */
		377460CD1DA0AB2F009B0195 /* Debug */ = {
			isa = XCBuildConfiguration;
			buildSettings = {
				ALWAYS_SEARCH_USER_PATHS = NO;
				CLANG_ANALYZER_NONNULL = YES;
				CLANG_CXX_LANGUAGE_STANDARD = "gnu++0x";
				CLANG_CXX_LIBRARY = "libc++";
				CLANG_ENABLE_MODULES = YES;
				CLANG_ENABLE_OBJC_ARC = YES;
				CLANG_WARN_BOOL_CONVERSION = YES;
				CLANG_WARN_CONSTANT_CONVERSION = YES;
				CLANG_WARN_DIRECT_OBJC_ISA_USAGE = YES_ERROR;
				CLANG_WARN_DOCUMENTATION_COMMENTS = YES;
				CLANG_WARN_EMPTY_BODY = YES;
				CLANG_WARN_ENUM_CONVERSION = YES;
				CLANG_WARN_INFINITE_RECURSION = YES;
				CLANG_WARN_INT_CONVERSION = YES;
				CLANG_WARN_OBJC_ROOT_CLASS = YES_ERROR;
				CLANG_WARN_SUSPICIOUS_MOVES = YES;
				CLANG_WARN_UNREACHABLE_CODE = YES;
				CLANG_WARN__DUPLICATE_METHOD_MATCH = YES;
				"CODE_SIGN_IDENTITY[sdk=iphoneos*]" = "iPhone Developer";
				COPY_PHASE_STRIP = NO;
				DEBUG_INFORMATION_FORMAT = dwarf;
				ENABLE_STRICT_OBJC_MSGSEND = YES;
				ENABLE_TESTABILITY = YES;
				GCC_C_LANGUAGE_STANDARD = gnu99;
				GCC_DYNAMIC_NO_PIC = NO;
				GCC_NO_COMMON_BLOCKS = YES;
				GCC_OPTIMIZATION_LEVEL = 0;
				GCC_PREPROCESSOR_DEFINITIONS = (
					"DEBUG=1",
					"$(inherited)",
				);
				GCC_WARN_64_TO_32_BIT_CONVERSION = YES;
				GCC_WARN_ABOUT_RETURN_TYPE = YES_ERROR;
				GCC_WARN_UNDECLARED_SELECTOR = YES;
				GCC_WARN_UNINITIALIZED_AUTOS = YES_AGGRESSIVE;
				GCC_WARN_UNUSED_FUNCTION = YES;
				GCC_WARN_UNUSED_VARIABLE = YES;
				IPHONEOS_DEPLOYMENT_TARGET = 10.0;
				MTL_ENABLE_DEBUG_INFO = YES;
				ONLY_ACTIVE_ARCH = YES;
				SDKROOT = iphoneos;
				SWIFT_ACTIVE_COMPILATION_CONDITIONS = DEBUG;
				SWIFT_OPTIMIZATION_LEVEL = "-Onone";
				TARGETED_DEVICE_FAMILY = "1,2";
			};
			name = Debug;
		};
		377460CE1DA0AB2F009B0195 /* Release */ = {
			isa = XCBuildConfiguration;
			buildSettings = {
				ALWAYS_SEARCH_USER_PATHS = NO;
				CLANG_ANALYZER_NONNULL = YES;
				CLANG_CXX_LANGUAGE_STANDARD = "gnu++0x";
				CLANG_CXX_LIBRARY = "libc++";
				CLANG_ENABLE_MODULES = YES;
				CLANG_ENABLE_OBJC_ARC = YES;
				CLANG_WARN_BOOL_CONVERSION = YES;
				CLANG_WARN_CONSTANT_CONVERSION = YES;
				CLANG_WARN_DIRECT_OBJC_ISA_USAGE = YES_ERROR;
				CLANG_WARN_DOCUMENTATION_COMMENTS = YES;
				CLANG_WARN_EMPTY_BODY = YES;
				CLANG_WARN_ENUM_CONVERSION = YES;
				CLANG_WARN_INFINITE_RECURSION = YES;
				CLANG_WARN_INT_CONVERSION = YES;
				CLANG_WARN_OBJC_ROOT_CLASS = YES_ERROR;
				CLANG_WARN_SUSPICIOUS_MOVES = YES;
				CLANG_WARN_UNREACHABLE_CODE = YES;
				CLANG_WARN__DUPLICATE_METHOD_MATCH = YES;
				"CODE_SIGN_IDENTITY[sdk=iphoneos*]" = "iPhone Developer";
				COPY_PHASE_STRIP = NO;
				DEBUG_INFORMATION_FORMAT = "dwarf-with-dsym";
				ENABLE_NS_ASSERTIONS = NO;
				ENABLE_STRICT_OBJC_MSGSEND = YES;
				GCC_C_LANGUAGE_STANDARD = gnu99;
				GCC_NO_COMMON_BLOCKS = YES;
				GCC_WARN_64_TO_32_BIT_CONVERSION = YES;
				GCC_WARN_ABOUT_RETURN_TYPE = YES_ERROR;
				GCC_WARN_UNDECLARED_SELECTOR = YES;
				GCC_WARN_UNINITIALIZED_AUTOS = YES_AGGRESSIVE;
				GCC_WARN_UNUSED_FUNCTION = YES;
				GCC_WARN_UNUSED_VARIABLE = YES;
				IPHONEOS_DEPLOYMENT_TARGET = 10.0;
				MTL_ENABLE_DEBUG_INFO = NO;
				SDKROOT = iphoneos;
				SWIFT_OPTIMIZATION_LEVEL = "-Owholemodule";
				TARGETED_DEVICE_FAMILY = "1,2";
				VALIDATE_PRODUCT = YES;
			};
			name = Release;
		};
		377460D01DA0AB2F009B0195 /* Debug */ = {
			isa = XCBuildConfiguration;
			baseConfigurationReference = A368DF6EFB40BFAA2A27089A /* Pods-MQTTchat.debug.xcconfig */;
			buildSettings = {
				ASSETCATALOG_COMPILER_APPICON_NAME = AppIcon;
				INFOPLIST_FILE = MQTTchat/Info.plist;
				LD_RUNPATH_SEARCH_PATHS = "$(inherited) @executable_path/Frameworks";
				PRODUCT_BUNDLE_IDENTIFIER = sidepelican.MQTTchat;
				PRODUCT_NAME = "$(TARGET_NAME)";
				SWIFT_VERSION = 3.0;
			};
			name = Debug;
		};
		377460D11DA0AB2F009B0195 /* Release */ = {
			isa = XCBuildConfiguration;
			baseConfigurationReference = 14BC7FA6E8D82238849DED82 /* Pods-MQTTchat.release.xcconfig */;
			buildSettings = {
				ASSETCATALOG_COMPILER_APPICON_NAME = AppIcon;
				INFOPLIST_FILE = MQTTchat/Info.plist;
				LD_RUNPATH_SEARCH_PATHS = "$(inherited) @executable_path/Frameworks";
				PRODUCT_BUNDLE_IDENTIFIER = sidepelican.MQTTchat;
				PRODUCT_NAME = "$(TARGET_NAME)";
				SWIFT_VERSION = 3.0;
			};
			name = Release;
		};
/* End XCBuildConfiguration section */

/* Begin XCConfigurationList section */
		377460B81DA0AB2F009B0195 /* Build configuration list for PBXProject "MQTTchat" */ = {
			isa = XCConfigurationList;
			buildConfigurations = (
				377460CD1DA0AB2F009B0195 /* Debug */,
				377460CE1DA0AB2F009B0195 /* Release */,
			);
			defaultConfigurationIsVisible = 0;
			defaultConfigurationName = Release;
		};
		377460CF1DA0AB2F009B0195 /* Build configuration list for PBXNativeTarget "MQTTchat" */ = {
			isa = XCConfigurationList;
			buildConfigurations = (
				377460D01DA0AB2F009B0195 /* Debug */,
				377460D11DA0AB2F009B0195 /* Release */,
			);
			defaultConfigurationIsVisible = 0;
			defaultConfigurationName = Release;
		};
/* End XCConfigurationList section */
	};
	rootObject = 377460B51DA0AB2F009B0195 /* Project object */;
}
